
Microsoft Visual Studio Solution File, Format Version 12.00
# Visual Studio Version 17
VisualStudioVersion = 17.9.34902.65
MinimumVisualStudioVersion = 10.0.40219.1
Project("{2150E333-8FDC-42A3-9474-1A3956D46DE8}") = "Backend", "Backend", "{655D4672-D531-4D0C-83AA-E1DE59043D27}"
EndProject
Project("{9A19103F-16F7-4668-BE54-9A1E7A4F7556}") = "NetBy.Data", "NetBy.Data\NetBy.Data.csproj", "{03A6113B-9518-42BD-809F-CF09A3A25B3A}"
	ProjectSection(ProjectDependencies) = postProject
		{5A78A6A6-C4B1-44B2-88E6-EA6126F14036} = {5A78A6A6-C4B1-44B2-88E6-EA6126F14036}
	EndProjectSection
EndProject
Project("{9A19103F-16F7-4668-BE54-9A1E7A4F7556}") = "NetBy.Core", "NetBy.Core\NetBy.Core.csproj", "{5A78A6A6-C4B1-44B2-88E6-EA6126F14036}"
EndProject
Project("{9A19103F-16F7-4668-BE54-9A1E7A4F7556}") = "NetBy.Business", "NetBy.Business\NetBy.Business.csproj", "{C0ACD735-8036-4F48-80FB-0DAACED8CEE6}"
	ProjectSection(ProjectDependencies) = postProject
		{03A6113B-9518-42BD-809F-CF09A3A25B3A} = {03A6113B-9518-42BD-809F-CF09A3A25B3A}
		{5A78A6A6-C4B1-44B2-88E6-EA6126F14036} = {5A78A6A6-C4B1-44B2-88E6-EA6126F14036}
	EndProjectSection
EndProject
Project("{9A19103F-16F7-4668-BE54-9A1E7A4F7556}") = "NetBy.Api", "NetBy.Api\NetBy.Api.csproj", "{8E56D8A9-F7CB-4125-BDB2-44A2F7B1B5DC}"
	ProjectSection(ProjectDependencies) = postProject
		{03A6113B-9518-42BD-809F-CF09A3A25B3A} = {03A6113B-9518-42BD-809F-CF09A3A25B3A}
		{857A0601-3009-4C59-B2CE-FD5B882B7120} = {857A0601-3009-4C59-B2CE-FD5B882B7120}
		{C0ACD735-8036-4F48-80FB-0DAACED8CEE6} = {C0ACD735-8036-4F48-80FB-0DAACED8CEE6}
	EndProjectSection
EndProject
Project("{2150E333-8FDC-42A3-9474-1A3956D46DE8}") = "FrontEnd", "FrontEnd", "{4A73274D-B57D-499A-8E3C-1104DD64C9A4}"
EndProject
Project("{2150E333-8FDC-42A3-9474-1A3956D46DE8}") = "Common", "Common", "{6C1C6022-48B4-44A7-8E5B-094D9E87C824}"
EndProject
Project("{FAE04EC0-301F-11D3-BF4B-00C04F79EFBC}") = "NetBy.Common", "NetBy.Common\NetBy.Common.csproj", "{857A0601-3009-4C59-B2CE-FD5B882B7120}"
EndProject
Project("{FAE04EC0-301F-11D3-BF4B-00C04F79EFBC}") = "NetBy.Proxy", "NetBy.Proxy\NetBy.Proxy.csproj", "{6C06D996-B7A7-47AB-91C7-37749F84F57E}"
	ProjectSection(ProjectDependencies) = postProject
		{857A0601-3009-4C59-B2CE-FD5B882B7120} = {857A0601-3009-4C59-B2CE-FD5B882B7120}
	EndProjectSection
EndProject
Project("{FAE04EC0-301F-11D3-BF4B-00C04F79EFBC}") = "NetBy.WebApp", "NetBy.WebApp\NetBy.WebApp.csproj", "{D31BCFF2-6874-43AF-B5EE-4D40ED563739}"
	ProjectSection(ProjectDependencies) = postProject
		{6C06D996-B7A7-47AB-91C7-37749F84F57E} = {6C06D996-B7A7-47AB-91C7-37749F84F57E}
		{857A0601-3009-4C59-B2CE-FD5B882B7120} = {857A0601-3009-4C59-B2CE-FD5B882B7120}
	EndProjectSection
EndProject
Global
	GlobalSection(SolutionConfigurationPlatforms) = preSolution
		Debug|Any CPU = Debug|Any CPU
		Release|Any CPU = Release|Any CPU
	EndGlobalSection
	GlobalSection(ProjectConfigurationPlatforms) = postSolution
		{03A6113B-9518-42BD-809F-CF09A3A25B3A}.Debug|Any CPU.ActiveCfg = Debug|Any CPU
		{03A6113B-9518-42BD-809F-CF09A3A25B3A}.Debug|Any CPU.Build.0 = Debug|Any CPU
		{03A6113B-9518-42BD-809F-CF09A3A25B3A}.Release|Any CPU.ActiveCfg = Release|Any CPU
		{03A6113B-9518-42BD-809F-CF09A3A25B3A}.Release|Any CPU.Build.0 = Release|Any CPU
		{5A78A6A6-C4B1-44B2-88E6-EA6126F14036}.Debug|Any CPU.ActiveCfg = Debug|Any CPU
		{5A78A6A6-C4B1-44B2-88E6-EA6126F14036}.Debug|Any CPU.Build.0 = Debug|Any CPU
		{5A78A6A6-C4B1-44B2-88E6-EA6126F14036}.Release|Any CPU.ActiveCfg = Release|Any CPU
		{5A78A6A6-C4B1-44B2-88E6-EA6126F14036}.Release|Any CPU.Build.0 = Release|Any CPU
		{C0ACD735-8036-4F48-80FB-0DAACED8CEE6}.Debug|Any CPU.ActiveCfg = Debug|Any CPU
		{C0ACD735-8036-4F48-80FB-0DAACED8CEE6}.Debug|Any CPU.Build.0 = Debug|Any CPU
		{C0ACD735-8036-4F48-80FB-0DAACED8CEE6}.Release|Any CPU.ActiveCfg = Release|Any CPU
		{C0ACD735-8036-4F48-80FB-0DAACED8CEE6}.Release|Any CPU.Build.0 = Release|Any CPU
		{8E56D8A9-F7CB-4125-BDB2-44A2F7B1B5DC}.Debug|Any CPU.ActiveCfg = Debug|Any CPU
		{8E56D8A9-F7CB-4125-BDB2-44A2F7B1B5DC}.Debug|Any CPU.Build.0 = Debug|Any CPU
		{8E56D8A9-F7CB-4125-BDB2-44A2F7B1B5DC}.Release|Any CPU.ActiveCfg = Release|Any CPU
		{8E56D8A9-F7CB-4125-BDB2-44A2F7B1B5DC}.Release|Any CPU.Build.0 = Release|Any CPU
		{857A0601-3009-4C59-B2CE-FD5B882B7120}.Debug|Any CPU.ActiveCfg = Debug|Any CPU
		{857A0601-3009-4C59-B2CE-FD5B882B7120}.Debug|Any CPU.Build.0 = Debug|Any CPU
		{857A0601-3009-4C59-B2CE-FD5B882B7120}.Release|Any CPU.ActiveCfg = Release|Any CPU
		{857A0601-3009-4C59-B2CE-FD5B882B7120}.Release|Any CPU.Build.0 = Release|Any CPU
		{6C06D996-B7A7-47AB-91C7-37749F84F57E}.Debug|Any CPU.ActiveCfg = Debug|Any CPU
		{6C06D996-B7A7-47AB-91C7-37749F84F57E}.Debug|Any CPU.Build.0 = Debug|Any CPU
		{6C06D996-B7A7-47AB-91C7-37749F84F57E}.Release|Any CPU.ActiveCfg = Release|Any CPU
		{6C06D996-B7A7-47AB-91C7-37749F84F57E}.Release|Any CPU.Build.0 = Release|Any CPU
		{D31BCFF2-6874-43AF-B5EE-4D40ED563739}.Debug|Any CPU.ActiveCfg = Debug|Any CPU
		{D31BCFF2-6874-43AF-B5EE-4D40ED563739}.Debug|Any CPU.Build.0 = Debug|Any CPU
		{D31BCFF2-6874-43AF-B5EE-4D40ED563739}.Release|Any CPU.ActiveCfg = Release|Any CPU
		{D31BCFF2-6874-43AF-B5EE-4D40ED563739}.Release|Any CPU.Build.0 = Release|Any CPU
	EndGlobalSection
	GlobalSection(SolutionProperties) = preSolution
		HideSolutionNode = FALSE
	EndGlobalSection
	GlobalSection(NestedProjects) = preSolution
		{03A6113B-9518-42BD-809F-CF09A3A25B3A} = {655D4672-D531-4D0C-83AA-E1DE59043D27}
		{5A78A6A6-C4B1-44B2-88E6-EA6126F14036} = {655D4672-D531-4D0C-83AA-E1DE59043D27}
		{C0ACD735-8036-4F48-80FB-0DAACED8CEE6} = {655D4672-D531-4D0C-83AA-E1DE59043D27}
		{8E56D8A9-F7CB-4125-BDB2-44A2F7B1B5DC} = {655D4672-D531-4D0C-83AA-E1DE59043D27}
		{857A0601-3009-4C59-B2CE-FD5B882B7120} = {6C1C6022-48B4-44A7-8E5B-094D9E87C824}
		{6C06D996-B7A7-47AB-91C7-37749F84F57E} = {4A73274D-B57D-499A-8E3C-1104DD64C9A4}
		{D31BCFF2-6874-43AF-B5EE-4D40ED563739} = {4A73274D-B57D-499A-8E3C-1104DD64C9A4}
	EndGlobalSection
	GlobalSection(ExtensibilityGlobals) = postSolution
		SolutionGuid = {E8CA80F7-A981-4F1A-AB0B-1060B853C7D2}
	EndGlobalSection
EndGlobal
